Microsoft Visual Studio Solution File, Format Version 12.00
# Visual Studio Version 17
VisualStudioVersion = 17.5.2.0
MinimumVisualStudioVersion = 10.0.40219.1
Project("{2150E333-8FDC-42A3-9474-1A3956D46DE8}") = "src", "src", "{827E0CD3-B72D-47B6-A68D-7590B98EB39B}"
EndProject
Project("{FAE04EC0-301F-11D3-BF4B-00C04F79EFBC}") = "BodyCam", "src\BodyCam\BodyCam.csproj", "{87617C84-675E-96E2-BF50-4735F31B011E}"
EndProject
Global
	GlobalSection(SolutionConfigurationPlatforms) = preSolution
		Debug|Any CPU = Debug|Any CPU
		Release|Any CPU = Release|Any CPU
	EndGlobalSection
	GlobalSection(ProjectConfigurationPlatforms) = postSolution
		{87617C84-675E-96E2-BF50-4735F31B011E}.Debug|Any CPU.ActiveCfg = Debug|Any CPU
		{87617C84-675E-96E2-BF50-4735F31B011E}.Debug|Any CPU.Build.0 = Debug|Any CPU
		{87617C84-675E-96E2-BF50-4735F31B011E}.Release|Any CPU.ActiveCfg = Release|Any CPU
		{87617C84-675E-96E2-BF50-4735F31B011E}.Release|Any CPU.Build.0 = Release|Any CPU
	EndGlobalSection
	GlobalSection(SolutionProperties) = preSolution
		HideSolutionNode = FALSE
	EndGlobalSection
	GlobalSection(NestedProjects) = preSolution
		{87617C84-675E-96E2-BF50-4735F31B011E} = {827E0CD3-B72D-47B6-A68D-7590B98EB39B}
	EndGlobalSection
	GlobalSection(ExtensibilityGlobals) = postSolution
		SolutionGuid = {E0747912-D863-43DF-8CDA-A3DF65F1FDC3}
	EndGlobalSection
EndGlobal
